// !$*UTF8*$!
{
	archiveVersion = 1;
	classes = {
	};
	objectVersion = 46;
	objects = {

/* Begin PBXBuildFile section */
		4657D64A1CFF0B7C004670B4 /* BikeProvider.framework in Frameworks */ = {isa = PBXBuildFile; fileRef = 4657D63F1CFF0B7B004670B4 /* BikeProvider.framework */; };
		465F27161D65E08600B3B639 /* BikeProvider.framework in Frameworks */ = {isa = PBXBuildFile; fileRef = 465F270D1D65E08600B3B639 /* BikeProvider.framework */; };
		465F271D1D65E08600B3B639 /* SPBBikeProvidermacOS.h in Headers */ = {isa = PBXBuildFile; fileRef = 465F270F1D65E08600B3B639 /* SPBBikeProvidermacOS.h */; settings = {ATTRIBUTES = (Public, ); }; };
		659351101D840C5C0088C53D /* CityProviderTests.swift in Sources */ = {isa = PBXBuildFile; fileRef = 659351081D840BAF0088C53D /* CityProviderTests.swift */; };
		659351111D840C5D0088C53D /* CityProviderTests.swift in Sources */ = {isa = PBXBuildFile; fileRef = 659351081D840BAF0088C53D /* CityProviderTests.swift */; };
		659351121D840C630088C53D /* StationProviderTests.swift in Sources */ = {isa = PBXBuildFile; fileRef = 6593510B1D840BAF0088C53D /* StationProviderTests.swift */; };
		659351131D840C640088C53D /* StationProviderTests.swift in Sources */ = {isa = PBXBuildFile; fileRef = 6593510B1D840BAF0088C53D /* StationProviderTests.swift */; };
		659351141D840C6A0088C53D /* iOSInfo.plist in Resources */ = {isa = PBXBuildFile; fileRef = 659351091D840BAF0088C53D /* iOSInfo.plist */; };
		659351161D840C700088C53D /* macOSInfo.plist in Resources */ = {isa = PBXBuildFile; fileRef = 6593510A1D840BAF0088C53D /* macOSInfo.plist */; };
		65CE89371D7DD9C400AB1B53 /* City.swift in Sources */ = {isa = PBXBuildFile; fileRef = 65CE89351D7DD9C400AB1B53 /* City.swift */; };
		65CE89381D7DD9C400AB1B53 /* Station.swift in Sources */ = {isa = PBXBuildFile; fileRef = 65CE89361D7DD9C400AB1B53 /* Station.swift */; };
		65CE893A1D7DD9CD00AB1B53 /* APIClient.swift in Sources */ = {isa = PBXBuildFile; fileRef = 65CE89391D7DD9CD00AB1B53 /* APIClient.swift */; };
		65CE893C1D7DD9D700AB1B53 /* Constants.swift in Sources */ = {isa = PBXBuildFile; fileRef = 65CE893B1D7DD9D700AB1B53 /* Constants.swift */; };
		65CE89411D7DD9E000AB1B53 /* CityProvider.swift in Sources */ = {isa = PBXBuildFile; fileRef = 65CE893D1D7DD9E000AB1B53 /* CityProvider.swift */; };
		65CE89421D7DD9E000AB1B53 /* DirectionsProvider.swift in Sources */ = {isa = PBXBuildFile; fileRef = 65CE893E1D7DD9E000AB1B53 /* DirectionsProvider.swift */; };
		65CE89431D7DD9E000AB1B53 /* LocationProvider.swift in Sources */ = {isa = PBXBuildFile; fileRef = 65CE893F1D7DD9E000AB1B53 /* LocationProvider.swift */; };
		65CE89441D7DD9E000AB1B53 /* StationProvider.swift in Sources */ = {isa = PBXBuildFile; fileRef = 65CE89401D7DD9E000AB1B53 /* StationProvider.swift */; };
		65CE89451D7DD9E800AB1B53 /* CityProvider.swift in Sources */ = {isa = PBXBuildFile; fileRef = 65CE893D1D7DD9E000AB1B53 /* CityProvider.swift */; };
		65CE89461D7DD9E800AB1B53 /* DirectionsProvider.swift in Sources */ = {isa = PBXBuildFile; fileRef = 65CE893E1D7DD9E000AB1B53 /* DirectionsProvider.swift */; };
		65CE89471D7DD9E800AB1B53 /* LocationProvider.swift in Sources */ = {isa = PBXBuildFile; fileRef = 65CE893F1D7DD9E000AB1B53 /* LocationProvider.swift */; };
		65CE89481D7DD9E800AB1B53 /* StationProvider.swift in Sources */ = {isa = PBXBuildFile; fileRef = 65CE89401D7DD9E000AB1B53 /* StationProvider.swift */; };
		65CE89491D7DD9EC00AB1B53 /* City.swift in Sources */ = {isa = PBXBuildFile; fileRef = 65CE89351D7DD9C400AB1B53 /* City.swift */; };
		65CE894A1D7DD9EC00AB1B53 /* Station.swift in Sources */ = {isa = PBXBuildFile; fileRef = 65CE89361D7DD9C400AB1B53 /* Station.swift */; };
		65CE894B1D7DD9EF00AB1B53 /* APIClient.swift in Sources */ = {isa = PBXBuildFile; fileRef = 65CE89391D7DD9CD00AB1B53 /* APIClient.swift */; };
		65CE894C1D7DD9F500AB1B53 /* Constants.swift in Sources */ = {isa = PBXBuildFile; fileRef = 65CE893B1D7DD9D700AB1B53 /* Constants.swift */; };
		65CE895C1D7DEEE800AB1B53 /* Main.storyboard in Resources */ = {isa = PBXBuildFile; fileRef = 65CE89511D7DDA5B00AB1B53 /* Main.storyboard */; };
		65CE895D1D7DEEEE00AB1B53 /* LaunchScreen.storyboard in Resources */ = {isa = PBXBuildFile; fileRef = 65CE894F1D7DDA5B00AB1B53 /* LaunchScreen.storyboard */; };
		65CE895E1D7DEEF300AB1B53 /* TableViewController.swift in Sources */ = {isa = PBXBuildFile; fileRef = 65CE894D1D7DDA2200AB1B53 /* TableViewController.swift */; };
		65E7A15B1D7DD37D0087C336 /* AppDelegate.swift in Sources */ = {isa = PBXBuildFile; fileRef = 65E7A15A1D7DD37D0087C336 /* AppDelegate.swift */; };
		65E7A1621D7DD37D0087C336 /* Assets.xcassets in Resources */ = {isa = PBXBuildFile; fileRef = 65E7A1611D7DD37D0087C336 /* Assets.xcassets */; };
		65E97E361D7F2415000CDD2A /* BikeProvider.framework in Frameworks */ = {isa = PBXBuildFile; fileRef = 4657D63F1CFF0B7B004670B4 /* BikeProvider.framework */; };
		65E97E371D7F2415000CDD2A /* BikeProvider.framework in Embed Frameworks */ = {isa = PBXBuildFile; fileRef = 4657D63F1CFF0B7B004670B4 /* BikeProvider.framework */; settings = {ATTRIBUTES = (CodeSignOnCopy, RemoveHeadersOnCopy, ); }; };
/* End PBXBuildFile section */

/* Begin PBXContainerItemProxy section */
		4657D64B1CFF0B7C004670B4 /* PBXContainerItemProxy */ = {
			isa = PBXContainerItemProxy;
			containerPortal = 4657D6361CFF0B7B004670B4 /* Project object */;
			proxyType = 1;
			remoteGlobalIDString = 4657D63E1CFF0B7B004670B4;
			remoteInfo = BikeyProvider;
		};
		465F27171D65E08600B3B639 /* PBXContainerItemProxy */ = {
			isa = PBXContainerItemProxy;
			containerPortal = 4657D6361CFF0B7B004670B4 /* Project object */;
			proxyType = 1;
			remoteGlobalIDString = 465F270C1D65E08600B3B639;
			remoteInfo = SPBBikeProvidermacOS;
		};
		65E97E381D7F2415000CDD2A /* PBXContainerItemProxy */ = {
			isa = PBXContainerItemProxy;
			containerPortal = 4657D6361CFF0B7B004670B4 /* Project object */;
			proxyType = 1;
			remoteGlobalIDString = 4657D63E1CFF0B7B004670B4;
			remoteInfo = SPBBikeProvider;
		};
/* End PBXContainerItemProxy section */

/* Begin PBXCopyFilesBuildPhase section */
		65E97E3A1D7F2416000CDD2A /* Embed Frameworks */ = {
			isa = PBXCopyFilesBuildPhase;
			buildActionMask = 2147483647;
			dstPath = "";
			dstSubfolderSpec = 10;
			files = (
				65E97E371D7F2415000CDD2A /* BikeProvider.framework in Embed Frameworks */,
			);
			name = "Embed Frameworks";
			runOnlyForDeploymentPostprocessing = 0;
		};
/* End PBXCopyFilesBuildPhase section */

/* Begin PBXFileReference section */
		4657D63F1CFF0B7B004670B4 /* BikeProvider.framework */ = {isa = PBXFileReference; explicitFileType = wrapper.framework; includeInIndex = 0; path = BikeProvider.framework; sourceTree = BUILT_PRODUCTS_DIR; };
		4657D6441CFF0B7B004670B4 /* Info.plist */ = {isa = PBXFileReference; lastKnownFileType = text.plist; name = Info.plist; path = Code/SupportingFiles/Info.plist; sourceTree = "<group>"; };
		4657D6491CFF0B7C004670B4 /* BikeProviderTests.xctest */ = {isa = PBXFileReference; explicitFileType = wrapper.cfbundle; includeInIndex = 0; path = BikeProviderTests.xctest; sourceTree = BUILT_PRODUCTS_DIR; };
		465F270D1D65E08600B3B639 /* BikeProvider.framework */ = {isa = PBXFileReference; explicitFileType = wrapper.framework; includeInIndex = 0; path = BikeProvider.framework; sourceTree = BUILT_PRODUCTS_DIR; };
		465F270F1D65E08600B3B639 /* SPBBikeProvidermacOS.h */ = {isa = PBXFileReference; lastKnownFileType = sourcecode.c.h; name = SPBBikeProvidermacOS.h; path = Code/SupportingFiles/SPBBikeProvidermacOS.h; sourceTree = SOURCE_ROOT; };
		465F27101D65E08600B3B639 /* macOSInfo.plist */ = {isa = PBXFileReference; lastKnownFileType = text.plist.xml; name = macOSInfo.plist; path = Code/SupportingFiles/macOSInfo.plist; sourceTree = SOURCE_ROOT; };
		465F27151D65E08600B3B639 /* BikeProvidermacOSTests.xctest */ = {isa = PBXFileReference; explicitFileType = wrapper.cfbundle; includeInIndex = 0; path = BikeProvidermacOSTests.xctest; sourceTree = BUILT_PRODUCTS_DIR; };
		659351081D840BAF0088C53D /* CityProviderTests.swift */ = {isa = PBXFileReference; fileEncoding = 4; lastKnownFileType = sourcecode.swift; name = CityProviderTests.swift; path = Tests/CityProviderTests.swift; sourceTree = SOURCE_ROOT; };
		659351091D840BAF0088C53D /* iOSInfo.plist */ = {isa = PBXFileReference; fileEncoding = 4; lastKnownFileType = text.plist.xml; name = iOSInfo.plist; path = Tests/iOSInfo.plist; sourceTree = SOURCE_ROOT; };
		6593510A1D840BAF0088C53D /* macOSInfo.plist */ = {isa = PBXFileReference; fileEncoding = 4; lastKnownFileType = text.plist.xml; name = macOSInfo.plist; path = Tests/macOSInfo.plist; sourceTree = SOURCE_ROOT; };
		6593510B1D840BAF0088C53D /* StationProviderTests.swift */ = {isa = PBXFileReference; fileEncoding = 4; lastKnownFileType = sourcecode.swift; name = StationProviderTests.swift; path = Tests/StationProviderTests.swift; sourceTree = SOURCE_ROOT; };
		65CE89351D7DD9C400AB1B53 /* City.swift */ = {isa = PBXFileReference; fileEncoding = 4; lastKnownFileType = sourcecode.swift; name = City.swift; path = Code/Model/City.swift; sourceTree = SOURCE_ROOT; };
		65CE89361D7DD9C400AB1B53 /* Station.swift */ = {isa = PBXFileReference; fileEncoding = 4; lastKnownFileType = sourcecode.swift; name = Station.swift; path = Code/Model/Station.swift; sourceTree = SOURCE_ROOT; };
		65CE89391D7DD9CD00AB1B53 /* APIClient.swift */ = {isa = PBXFileReference; fileEncoding = 4; lastKnownFileType = sourcecode.swift; name = APIClient.swift; path = Code/APIClient/APIClient.swift; sourceTree = SOURCE_ROOT; };
		65CE893B1D7DD9D700AB1B53 /* Constants.swift */ = {isa = PBXFileReference; fileEncoding = 4; lastKnownFileType = sourcecode.swift; name = Constants.swift; path = Code/SupportingFiles/Constants.swift; sourceTree = SOURCE_ROOT; };
		65CE893D1D7DD9E000AB1B53 /* CityProvider.swift */ = {isa = PBXFileReference; fileEncoding = 4; lastKnownFileType = sourcecode.swift; name = CityProvider.swift; path = Code/Providers/CityProvider.swift; sourceTree = SOURCE_ROOT; };
		65CE893E1D7DD9E000AB1B53 /* DirectionsProvider.swift */ = {isa = PBXFileReference; fileEncoding = 4; lastKnownFileType = sourcecode.swift; name = DirectionsProvider.swift; path = Code/Providers/DirectionsProvider.swift; sourceTree = SOURCE_ROOT; };
		65CE893F1D7DD9E000AB1B53 /* LocationProvider.swift */ = {isa = PBXFileReference; fileEncoding = 4; lastKnownFileType = sourcecode.swift; name = LocationProvider.swift; path = Code/Providers/LocationProvider.swift; sourceTree = SOURCE_ROOT; };
		65CE89401D7DD9E000AB1B53 /* StationProvider.swift */ = {isa = PBXFileReference; fileEncoding = 4; lastKnownFileType = sourcecode.swift; name = StationProvider.swift; path = Code/Providers/StationProvider.swift; sourceTree = SOURCE_ROOT; };
		65CE894D1D7DDA2200AB1B53 /* TableViewController.swift */ = {isa = PBXFileReference; fileEncoding = 4; lastKnownFileType = sourcecode.swift; name = TableViewController.swift; path = Sample/TableViewController.swift; sourceTree = "<group>"; };
		65CE89501D7DDA5B00AB1B53 /* Base */ = {isa = PBXFileReference; lastKnownFileType = file.storyboard; name = Base; path = Sample/Base.lproj/LaunchScreen.storyboard; sourceTree = "<group>"; };
		65CE89521D7DDA5B00AB1B53 /* Base */ = {isa = PBXFileReference; lastKnownFileType = file.storyboard; name = Base; path = Sample/Base.lproj/Main.storyboard; sourceTree = "<group>"; };
		65CE89551D7DDA7200AB1B53 /* Info.plist */ = {isa = PBXFileReference; fileEncoding = 4; lastKnownFileType = text.plist.xml; name = Info.plist; path = Sample/Info.plist; sourceTree = "<group>"; };
		65CE89571D7DDA9F00AB1B53 /* NewYork.gpx */ = {isa = PBXFileReference; lastKnownFileType = text.xml; name = NewYork.gpx; path = Sample/NewYork.gpx; sourceTree = "<group>"; };
		65E7A1581D7DD37D0087C336 /* BikeProviderSample.app */ = {isa = PBXFileReference; explicitFileType = wrapper.application; includeInIndex = 0; path = BikeProviderSample.app; sourceTree = BUILT_PRODUCTS_DIR; };
		65E7A15A1D7DD37D0087C336 /* AppDelegate.swift */ = {isa = PBXFileReference; lastKnownFileType = sourcecode.swift; name = AppDelegate.swift; path = Sample/AppDelegate.swift; sourceTree = "<group>"; };
		65E7A1611D7DD37D0087C336 /* Assets.xcassets */ = {isa = PBXFileReference; lastKnownFileType = folder.assetcatalog; name = Assets.xcassets; path = Sample/Assets.xcassets; sourceTree = "<group>"; };
/* End PBXFileReference section */

/* Begin PBXFrameworksBuildPhase section */
		4657D63B1CFF0B7B004670B4 /* Frameworks */ = {
			isa = PBXFrameworksBuildPhase;
			buildActionMask = 2147483647;
			files = (
			);
			runOnlyForDeploymentPostprocessing = 0;
		};
		4657D6461CFF0B7C004670B4 /* Frameworks */ = {
			isa = PBXFrameworksBuildPhase;
			buildActionMask = 2147483647;
			files = (
				4657D64A1CFF0B7C004670B4 /* BikeProvider.framework in Frameworks */,
			);
			runOnlyForDeploymentPostprocessing = 0;
		};
		465F27091D65E08600B3B639 /* Frameworks */ = {
			isa = PBXFrameworksBuildPhase;
			buildActionMask = 2147483647;
			files = (
			);
			runOnlyForDeploymentPostprocessing = 0;
		};
		465F27121D65E08600B3B639 /* Frameworks */ = {
			isa = PBXFrameworksBuildPhase;
			buildActionMask = 2147483647;
			files = (
				465F27161D65E08600B3B639 /* BikeProvider.framework in Frameworks */,
			);
			runOnlyForDeploymentPostprocessing = 0;
		};
		65E7A1551D7DD37D0087C336 /* Frameworks */ = {
			isa = PBXFrameworksBuildPhase;
			buildActionMask = 2147483647;
			files = (
				65E97E361D7F2415000CDD2A /* BikeProvider.framework in Frameworks */,
			);
			runOnlyForDeploymentPostprocessing = 0;
		};
/* End PBXFrameworksBuildPhase section */

/* Begin PBXGroup section */
		4657D6351CFF0B7B004670B4 = {
			isa = PBXGroup;
			children = (
				65E7A1531D7DD1BB0087C336 /* Sample */,
				4657D6411CFF0B7B004670B4 /* Code */,
				4657D64D1CFF0B7C004670B4 /* Tests */,
				4657D6401CFF0B7B004670B4 /* Products */,
			);
			sourceTree = "<group>";
		};
		4657D6401CFF0B7B004670B4 /* Products */ = {
			isa = PBXGroup;
			children = (
				4657D63F1CFF0B7B004670B4 /* BikeProvider.framework */,
				4657D6491CFF0B7C004670B4 /* BikeProviderTests.xctest */,
				465F270D1D65E08600B3B639 /* BikeProvider.framework */,
				465F27151D65E08600B3B639 /* BikeProvidermacOSTests.xctest */,
				65E7A1581D7DD37D0087C336 /* BikeProviderSample.app */,
			);
			name = Products;
			sourceTree = "<group>";
		};
		4657D6411CFF0B7B004670B4 /* Code */ = {
			isa = PBXGroup;
			children = (
				4657D65B1CFF0D97004670B4 /* Provider */,
				4657D65A1CFF0D93004670B4 /* Model */,
				4657D6591CFF0D8A004670B4 /* APIClient */,
				6566830B1D03F5AD005225EC /* SupportingFiles */,
			);
			name = Code;
			path = SPBBikeProvider;
			sourceTree = "<group>";
		};
		4657D64D1CFF0B7C004670B4 /* Tests */ = {
			isa = PBXGroup;
			children = (
				659351081D840BAF0088C53D /* CityProviderTests.swift */,
				659351091D840BAF0088C53D /* iOSInfo.plist */,
				6593510A1D840BAF0088C53D /* macOSInfo.plist */,
				6593510B1D840BAF0088C53D /* StationProviderTests.swift */,
			);
			name = Tests;
			path = SPBBikeProviderTests;
			sourceTree = "<group>";
		};
		4657D6591CFF0D8A004670B4 /* APIClient */ = {
			isa = PBXGroup;
			children = (
				65CE89391D7DD9CD00AB1B53 /* APIClient.swift */,
			);
			name = APIClient;
			path = Code/APIClient;
			sourceTree = "<group>";
		};
		4657D65A1CFF0D93004670B4 /* Model */ = {
			isa = PBXGroup;
			children = (
				65CE89351D7DD9C400AB1B53 /* City.swift */,
				65CE89361D7DD9C400AB1B53 /* Station.swift */,
			);
			name = Model;
			sourceTree = "<group>";
		};
		4657D65B1CFF0D97004670B4 /* Provider */ = {
			isa = PBXGroup;
			children = (
				65CE893D1D7DD9E000AB1B53 /* CityProvider.swift */,
				65CE893E1D7DD9E000AB1B53 /* DirectionsProvider.swift */,
				65CE893F1D7DD9E000AB1B53 /* LocationProvider.swift */,
				65CE89401D7DD9E000AB1B53 /* StationProvider.swift */,
			);
			name = Provider;
			path = Code/Providers;
			sourceTree = "<group>";
		};
		6566830B1D03F5AD005225EC /* SupportingFiles */ = {
			isa = PBXGroup;
			children = (
				65CE893B1D7DD9D700AB1B53 /* Constants.swift */,
				465F270F1D65E08600B3B639 /* SPBBikeProvidermacOS.h */,
				465F27101D65E08600B3B639 /* macOSInfo.plist */,
				4657D6441CFF0B7B004670B4 /* Info.plist */,
			);
			name = SupportingFiles;
			sourceTree = "<group>";
		};
		65CE89581D7DDAB900AB1B53 /* ViewControllers */ = {
			isa = PBXGroup;
			children = (
				65CE894D1D7DDA2200AB1B53 /* TableViewController.swift */,
			);
			name = ViewControllers;
			sourceTree = "<group>";
		};
		65CE89591D7DDAC100AB1B53 /* SupportingFiles */ = {
			isa = PBXGroup;
			children = (
				65E7A1611D7DD37D0087C336 /* Assets.xcassets */,
				65CE89551D7DDA7200AB1B53 /* Info.plist */,
				65CE89571D7DDA9F00AB1B53 /* NewYork.gpx */,
			);
			name = SupportingFiles;
			sourceTree = "<group>";
		};
		65CE895A1D7DDACB00AB1B53 /* Storyboards */ = {
			isa = PBXGroup;
			children = (
				65CE894F1D7DDA5B00AB1B53 /* LaunchScreen.storyboard */,
				65CE89511D7DDA5B00AB1B53 /* Main.storyboard */,
			);
			name = Storyboards;
			sourceTree = "<group>";
		};
		65CE895B1D7DDAD200AB1B53 /* Main */ = {
			isa = PBXGroup;
			children = (
				65E7A15A1D7DD37D0087C336 /* AppDelegate.swift */,
			);
			name = Main;
			sourceTree = "<group>";
		};
		65E7A1531D7DD1BB0087C336 /* Sample */ = {
			isa = PBXGroup;
			children = (
				65CE89591D7DDAC100AB1B53 /* SupportingFiles */,
				65CE895A1D7DDACB00AB1B53 /* Storyboards */,
				65CE895B1D7DDAD200AB1B53 /* Main */,
				65CE89581D7DDAB900AB1B53 /* ViewControllers */,
			);
			name = Sample;
			sourceTree = "<group>";
		};
/* End PBXGroup section */

/* Begin PBXHeadersBuildPhase section */
		4657D63C1CFF0B7B004670B4 /* Headers */ = {
			isa = PBXHeadersBuildPhase;
			buildActionMask = 2147483647;
			files = (
			);
			runOnlyForDeploymentPostprocessing = 0;
		};
		465F270A1D65E08600B3B639 /* Headers */ = {
			isa = PBXHeadersBuildPhase;
			buildActionMask = 2147483647;
			files = (
				465F271D1D65E08600B3B639 /* SPBBikeProvidermacOS.h in Headers */,
			);
			runOnlyForDeploymentPostprocessing = 0;
		};
/* End PBXHeadersBuildPhase section */

/* Begin PBXNativeTarget section */
		4657D63E1CFF0B7B004670B4 /* BikeProvider */ = {
			isa = PBXNativeTarget;
			buildConfigurationList = 4657D6531CFF0B7C004670B4 /* Build configuration list for PBXNativeTarget "BikeProvider" */;
			buildPhases = (
				4657D63A1CFF0B7B004670B4 /* Sources */,
				4657D63B1CFF0B7B004670B4 /* Frameworks */,
				4657D63C1CFF0B7B004670B4 /* Headers */,
				4657D63D1CFF0B7B004670B4 /* Resources */,
			);
			buildRules = (
			);
			dependencies = (
			);
			name = BikeProvider;
			productName = BikeyProvider;
			productReference = 4657D63F1CFF0B7B004670B4 /* BikeProvider.framework */;
			productType = "com.apple.product-type.framework";
		};
		4657D6481CFF0B7C004670B4 /* BikeProviderTests */ = {
			isa = PBXNativeTarget;
			buildConfigurationList = 4657D6561CFF0B7C004670B4 /* Build configuration list for PBXNativeTarget "BikeProviderTests" */;
			buildPhases = (
				4657D6451CFF0B7C004670B4 /* Sources */,
				4657D6461CFF0B7C004670B4 /* Frameworks */,
				4657D6471CFF0B7C004670B4 /* Resources */,
			);
			buildRules = (
			);
			dependencies = (
				4657D64C1CFF0B7C004670B4 /* PBXTargetDependency */,
			);
			name = BikeProviderTests;
			productName = BikeyProviderTests;
			productReference = 4657D6491CFF0B7C004670B4 /* BikeProviderTests.xctest */;
			productType = "com.apple.product-type.bundle.unit-test";
		};
		465F270C1D65E08600B3B639 /* BikeProvidermacOS */ = {
			isa = PBXNativeTarget;
			buildConfigurationList = 465F27221D65E08600B3B639 /* Build configuration list for PBXNativeTarget "BikeProvidermacOS" */;
			buildPhases = (
				465F27081D65E08600B3B639 /* Sources */,
				465F27091D65E08600B3B639 /* Frameworks */,
				465F270A1D65E08600B3B639 /* Headers */,
				465F270B1D65E08600B3B639 /* Resources */,
			);
			buildRules = (
			);
			dependencies = (
			);
			name = BikeProvidermacOS;
			productName = SPBBikeProvidermacOS;
			productReference = 465F270D1D65E08600B3B639 /* BikeProvider.framework */;
			productType = "com.apple.product-type.framework";
		};
		465F27141D65E08600B3B639 /* BikeProvidermacOSTests */ = {
			isa = PBXNativeTarget;
			buildConfigurationList = 465F27231D65E08600B3B639 /* Build configuration list for PBXNativeTarget "BikeProvidermacOSTests" */;
			buildPhases = (
				465F27111D65E08600B3B639 /* Sources */,
				465F27121D65E08600B3B639 /* Frameworks */,
				465F27131D65E08600B3B639 /* Resources */,
			);
			buildRules = (
			);
			dependencies = (
				465F27181D65E08600B3B639 /* PBXTargetDependency */,
			);
			name = BikeProvidermacOSTests;
			productName = SPBBikeProvidermacOSTests;
			productReference = 465F27151D65E08600B3B639 /* BikeProvidermacOSTests.xctest */;
			productType = "com.apple.product-type.bundle.unit-test";
		};
		65E7A1571D7DD37D0087C336 /* BikeProviderSample */ = {
			isa = PBXNativeTarget;
			buildConfigurationList = 65E7A1671D7DD37D0087C336 /* Build configuration list for PBXNativeTarget "BikeProviderSample" */;
			buildPhases = (
				65E7A1541D7DD37D0087C336 /* Sources */,
				65E7A1551D7DD37D0087C336 /* Frameworks */,
				65E7A1561D7DD37D0087C336 /* Resources */,
				65E97E3A1D7F2416000CDD2A /* Embed Frameworks */,
			);
			buildRules = (
			);
			dependencies = (
				65E97E391D7F2415000CDD2A /* PBXTargetDependency */,
			);
			name = BikeProviderSample;
			productName = SPBBikeProviderSample;
			productReference = 65E7A1581D7DD37D0087C336 /* BikeProviderSample.app */;
			productType = "com.apple.product-type.application";
		};
/* End PBXNativeTarget section */

/* Begin PBXProject section */
		4657D6361CFF0B7B004670B4 /* Project object */ = {
			isa = PBXProject;
			attributes = {
				LastSwiftUpdateCheck = 0800;
				LastUpgradeCheck = 0800;
				ORGANIZATIONNAME = "Pete Smith";
				TargetAttributes = {
					4657D63E1CFF0B7B004670B4 = {
						CreatedOnToolsVersion = 7.3.1;
						LastSwiftMigration = 0800;
						ProvisioningStyle = Automatic;
					};
					4657D6481CFF0B7C004670B4 = {
						CreatedOnToolsVersion = 7.3.1;
						DevelopmentTeam = 49CJ89TL4W;
						LastSwiftMigration = 0800;
						ProvisioningStyle = Manual;
					};
					465F270C1D65E08600B3B639 = {
						CreatedOnToolsVersion = 8.0;
						DevelopmentTeam = 49CJ89TL4W;
						ProvisioningStyle = Automatic;
					};
					465F27141D65E08600B3B639 = {
						CreatedOnToolsVersion = 8.0;
						DevelopmentTeam = 49CJ89TL4W;
						ProvisioningStyle = Automatic;
					};
					65E7A1571D7DD37D0087C336 = {
						CreatedOnToolsVersion = 8.0;
						DevelopmentTeam = 49CJ89TL4W;
						ProvisioningStyle = Automatic;
					};
				};
			};
			buildConfigurationList = 4657D6391CFF0B7B004670B4 /* Build configuration list for PBXProject "BikeProvider" */;
			compatibilityVersion = "Xcode 3.2";
			developmentRegion = English;
			hasScannedForEncodings = 0;
			knownRegions = (
				en,
				Base,
			);
			mainGroup = 4657D6351CFF0B7B004670B4;
			productRefGroup = 4657D6401CFF0B7B004670B4 /* Products */;
			projectDirPath = "";
			projectRoot = "";
			targets = (
				4657D63E1CFF0B7B004670B4 /* BikeProvider */,
				4657D6481CFF0B7C004670B4 /* BikeProviderTests */,
				465F270C1D65E08600B3B639 /* BikeProvidermacOS */,
				465F27141D65E08600B3B639 /* BikeProvidermacOSTests */,
				65E7A1571D7DD37D0087C336 /* BikeProviderSample */,
			);
		};
/* End PBXProject section */

/* Begin PBXResourcesBuildPhase section */
		4657D63D1CFF0B7B004670B4 /* Resources */ = {
			isa = PBXResourcesBuildPhase;
			buildActionMask = 2147483647;
			files = (
			);
			runOnlyForDeploymentPostprocessing = 0;
		};
		4657D6471CFF0B7C004670B4 /* Resources */ = {
			isa = PBXResourcesBuildPhase;
			buildActionMask = 2147483647;
			files = (
				659351141D840C6A0088C53D /* iOSInfo.plist in Resources */,
			);
			runOnlyForDeploymentPostprocessing = 0;
		};
		465F270B1D65E08600B3B639 /* Resources */ = {
			isa = PBXResourcesBuildPhase;
			buildActionMask = 2147483647;
			files = (
			);
			runOnlyForDeploymentPostprocessing = 0;
		};
		465F27131D65E08600B3B639 /* Resources */ = {
			isa = PBXResourcesBuildPhase;
			buildActionMask = 2147483647;
			files = (
				659351161D840C700088C53D /* macOSInfo.plist in Resources */,
			);
			runOnlyForDeploymentPostprocessing = 0;
		};
		65E7A1561D7DD37D0087C336 /* Resources */ = {
			isa = PBXResourcesBuildPhase;
			buildActionMask = 2147483647;
			files = (
				65CE895D1D7DEEEE00AB1B53 /* LaunchScreen.storyboard in Resources */,
				65E7A1621D7DD37D0087C336 /* Assets.xcassets in Resources */,
				65CE895C1D7DEEE800AB1B53 /* Main.storyboard in Resources */,
			);
			runOnlyForDeploymentPostprocessing = 0;
		};
/* End PBXResourcesBuildPhase section */

/* Begin PBXSourcesBuildPhase section */
		4657D63A1CFF0B7B004670B4 /* Sources */ = {
			isa = PBXSourcesBuildPhase;
			buildActionMask = 2147483647;
			files = (
				65CE89381D7DD9C400AB1B53 /* Station.swift in Sources */,
				65CE89371D7DD9C400AB1B53 /* City.swift in Sources */,
				65CE893A1D7DD9CD00AB1B53 /* APIClient.swift in Sources */,
				65CE893C1D7DD9D700AB1B53 /* Constants.swift in Sources */,
				65CE89421D7DD9E000AB1B53 /* DirectionsProvider.swift in Sources */,
				65CE89441D7DD9E000AB1B53 /* StationProvider.swift in Sources */,
				65CE89411D7DD9E000AB1B53 /* CityProvider.swift in Sources */,
				65CE89431D7DD9E000AB1B53 /* LocationProvider.swift in Sources */,
			);
			runOnlyForDeploymentPostprocessing = 0;
		};
		4657D6451CFF0B7C004670B4 /* Sources */ = {
			isa = PBXSourcesBuildPhase;
			buildActionMask = 2147483647;
			files = (
				659351101D840C5C0088C53D /* CityProviderTests.swift in Sources */,
				659351121D840C630088C53D /* StationProviderTests.swift in Sources */,
			);
			runOnlyForDeploymentPostprocessing = 0;
		};
		465F27081D65E08600B3B639 /* Sources */ = {
			isa = PBXSourcesBuildPhase;
			buildActionMask = 2147483647;
			files = (
				65CE89471D7DD9E800AB1B53 /* LocationProvider.swift in Sources */,
				65CE894B1D7DD9EF00AB1B53 /* APIClient.swift in Sources */,
				65CE89491D7DD9EC00AB1B53 /* City.swift in Sources */,
				65CE89481D7DD9E800AB1B53 /* StationProvider.swift in Sources */,
				65CE89461D7DD9E800AB1B53 /* DirectionsProvider.swift in Sources */,
				65CE894A1D7DD9EC00AB1B53 /* Station.swift in Sources */,
				65CE89451D7DD9E800AB1B53 /* CityProvider.swift in Sources */,
				65CE894C1D7DD9F500AB1B53 /* Constants.swift in Sources */,
			);
			runOnlyForDeploymentPostprocessing = 0;
		};
		465F27111D65E08600B3B639 /* Sources */ = {
			isa = PBXSourcesBuildPhase;
			buildActionMask = 2147483647;
			files = (
				659351111D840C5D0088C53D /* CityProviderTests.swift in Sources */,
				659351131D840C640088C53D /* StationProviderTests.swift in Sources */,
			);
			runOnlyForDeploymentPostprocessing = 0;
		};
		65E7A1541D7DD37D0087C336 /* Sources */ = {
			isa = PBXSourcesBuildPhase;
			buildActionMask = 2147483647;
			files = (
				65E7A15B1D7DD37D0087C336 /* AppDelegate.swift in Sources */,
				65CE895E1D7DEEF300AB1B53 /* TableViewController.swift in Sources */,
			);
			runOnlyForDeploymentPostprocessing = 0;
		};
/* End PBXSourcesBuildPhase section */

/* Begin PBXTargetDependency section */
		4657D64C1CFF0B7C004670B4 /* PBXTargetDependency */ = {
			isa = PBXTargetDependency;
			target = 4657D63E1CFF0B7B004670B4 /* BikeProvider */;
			targetProxy = 4657D64B1CFF0B7C004670B4 /* PBXContainerItemProxy */;
		};
		465F27181D65E08600B3B639 /* PBXTargetDependency */ = {
			isa = PBXTargetDependency;
			target = 465F270C1D65E08600B3B639 /* BikeProvidermacOS */;
			targetProxy = 465F27171D65E08600B3B639 /* PBXContainerItemProxy */;
		};
		65E97E391D7F2415000CDD2A /* PBXTargetDependency */ = {
			isa = PBXTargetDependency;
			target = 4657D63E1CFF0B7B004670B4 /* BikeProvider */;
			targetProxy = 65E97E381D7F2415000CDD2A /* PBXContainerItemProxy */;
		};
/* End PBXTargetDependency section */

/* Begin PBXVariantGroup section */
		65CE894F1D7DDA5B00AB1B53 /* LaunchScreen.storyboard */ = {
			isa = PBXVariantGroup;
			children = (
				65CE89501D7DDA5B00AB1B53 /* Base */,
			);
			name = LaunchScreen.storyboard;
			sourceTree = "<group>";
		};
		65CE89511D7DDA5B00AB1B53 /* Main.storyboard */ = {
			isa = PBXVariantGroup;
			children = (
				65CE89521D7DDA5B00AB1B53 /* Base */,
			);
			name = Main.storyboard;
			sourceTree = "<group>";
		};
/* End PBXVariantGroup section */

/* Begin XCBuildConfiguration section */
		4657D6511CFF0B7C004670B4 /* Debug */ = {
			isa = XCBuildConfiguration;
			buildSettings = {
				ALWAYS_SEARCH_USER_PATHS = NO;
				CLANG_ANALYZER_NONNULL = YES;
				CLANG_CXX_LANGUAGE_STANDARD = "gnu++0x";
				CLANG_CXX_LIBRARY = "libc++";
				CLANG_ENABLE_MODULES = YES;
				CLANG_ENABLE_OBJC_ARC = YES;
				CLANG_WARN_BOOL_CONVERSION = YES;
				CLANG_WARN_CONSTANT_CONVERSION = YES;
				CLANG_WARN_DIRECT_OBJC_ISA_USAGE = YES_ERROR;
				CLANG_WARN_EMPTY_BODY = YES;
				CLANG_WARN_ENUM_CONVERSION = YES;
				CLANG_WARN_INFINITE_RECURSION = YES;
				CLANG_WARN_INT_CONVERSION = YES;
				CLANG_WARN_OBJC_ROOT_CLASS = YES_ERROR;
				CLANG_WARN_SUSPICIOUS_MOVE = YES;
				CLANG_WARN_UNREACHABLE_CODE = YES;
				CLANG_WARN__DUPLICATE_METHOD_MATCH = YES;
				"CODE_SIGN_IDENTITY[sdk=iphoneos*]" = "iPhone Developer";
				COPY_PHASE_STRIP = NO;
				CURRENT_PROJECT_VERSION = 1;
				DEBUG_INFORMATION_FORMAT = dwarf;
				ENABLE_STRICT_OBJC_MSGSEND = YES;
				ENABLE_TESTABILITY = YES;
				GCC_C_LANGUAGE_STANDARD = gnu99;
				GCC_DYNAMIC_NO_PIC = NO;
				GCC_NO_COMMON_BLOCKS = YES;
				GCC_OPTIMIZATION_LEVEL = 0;
				GCC_PREPROCESSOR_DEFINITIONS = (
					"DEBUG=1",
					"$(inherited)",
				);
				GCC_WARN_64_TO_32_BIT_CONVERSION = YES;
				GCC_WARN_ABOUT_RETURN_TYPE = YES_ERROR;
				GCC_WARN_UNDECLARED_SELECTOR = YES;
				GCC_WARN_UNINITIALIZED_AUTOS = YES_AGGRESSIVE;
				GCC_WARN_UNUSED_FUNCTION = YES;
				GCC_WARN_UNUSED_VARIABLE = YES;
				IPHONEOS_DEPLOYMENT_TARGET = 8.1;
				MACOSX_DEPLOYMENT_TARGET = 10.11;
				MTL_ENABLE_DEBUG_INFO = YES;
				ONLY_ACTIVE_ARCH = YES;
				SDKROOT = iphoneos;
				SWIFT_OPTIMIZATION_LEVEL = "-Onone";
				SWIFT_VERSION = 3.0;
				TARGETED_DEVICE_FAMILY = "1,2";
				VERSIONING_SYSTEM = "apple-generic";
				VERSION_INFO_PREFIX = "";
			};
			name = Debug;
		};
		4657D6521CFF0B7C004670B4 /* Release */ = {
			isa = XCBuildConfiguration;
			buildSettings = {
				ALWAYS_SEARCH_USER_PATHS = NO;
				CLANG_ANALYZER_NONNULL = YES;
				CLANG_CXX_LANGUAGE_STANDARD = "gnu++0x";
				CLANG_CXX_LIBRARY = "libc++";
				CLANG_ENABLE_MODULES = YES;
				CLANG_ENABLE_OBJC_ARC = YES;
				CLANG_WARN_BOOL_CONVERSION = YES;
				CLANG_WARN_CONSTANT_CONVERSION = YES;
				CLANG_WARN_DIRECT_OBJC_ISA_USAGE = YES_ERROR;
				CLANG_WARN_EMPTY_BODY = YES;
				CLANG_WARN_ENUM_CONVERSION = YES;
				CLANG_WARN_INFINITE_RECURSION = YES;
				CLANG_WARN_INT_CONVERSION = YES;
				CLANG_WARN_OBJC_ROOT_CLASS = YES_ERROR;
				CLANG_WARN_SUSPICIOUS_MOVE = YES;
				CLANG_WARN_UNREACHABLE_CODE = YES;
				CLANG_WARN__DUPLICATE_METHOD_MATCH = YES;
				"CODE_SIGN_IDENTITY[sdk=iphoneos*]" = "iPhone Developer";
				COPY_PHASE_STRIP = NO;
				CURRENT_PROJECT_VERSION = 1;
				DEBUG_INFORMATION_FORMAT = "dwarf-with-dsym";
				ENABLE_NS_ASSERTIONS = NO;
				ENABLE_STRICT_OBJC_MSGSEND = YES;
				GCC_C_LANGUAGE_STANDARD = gnu99;
				GCC_NO_COMMON_BLOCKS = YES;
				GCC_WARN_64_TO_32_BIT_CONVERSION = YES;
				GCC_WARN_ABOUT_RETURN_TYPE = YES_ERROR;
				GCC_WARN_UNDECLARED_SELECTOR = YES;
				GCC_WARN_UNINITIALIZED_AUTOS = YES_AGGRESSIVE;
				GCC_WARN_UNUSED_FUNCTION = YES;
				GCC_WARN_UNUSED_VARIABLE = YES;
				IPHONEOS_DEPLOYMENT_TARGET = 8.1;
				MACOSX_DEPLOYMENT_TARGET = 10.11;
				MTL_ENABLE_DEBUG_INFO = NO;
				SDKROOT = iphoneos;
				SWIFT_VERSION = 3.0;
				TARGETED_DEVICE_FAMILY = "1,2";
				VALIDATE_PRODUCT = YES;
				VERSIONING_SYSTEM = "apple-generic";
				VERSION_INFO_PREFIX = "";
			};
			name = Release;
		};
		4657D6541CFF0B7C004670B4 /* Debug */ = {
			isa = XCBuildConfiguration;
			buildSettings = {
				APPLICATION_EXTENSION_API_ONLY = YES;
				CLANG_ENABLE_MODULES = YES;
				CODE_SIGN_IDENTITY = "iPhone Developer";
				"CODE_SIGN_IDENTITY[sdk=iphoneos*]" = "iPhone Developer";
				DEFINES_MODULE = YES;
				DEVELOPMENT_TEAM = "";
				DYLIB_COMPATIBILITY_VERSION = 1;
				DYLIB_CURRENT_VERSION = 1;
				DYLIB_INSTALL_NAME_BASE = "@rpath";
				INFOPLIST_FILE = "$(SRCROOT)/Code/SupportingFiles/Info.plist";
				INSTALL_PATH = "$(LOCAL_LIBRARY_DIR)/Frameworks";
				IPHONEOS_DEPLOYMENT_TARGET = 8.1;
				LD_RUNPATH_SEARCH_PATHS = "$(inherited) @executable_path/Frameworks @loader_path/Frameworks";
				PRODUCT_BUNDLE_IDENTIFIER = com.petesmith.BikeProvider;
				PRODUCT_NAME = BikeProvider;
				SKIP_INSTALL = YES;
				SWIFT_OPTIMIZATION_LEVEL = "-Onone";
				SWIFT_VERSION = 3.0;
				TARGETED_DEVICE_FAMILY = "1,2";
			};
			name = Debug;
		};
		4657D6551CFF0B7C004670B4 /* Release */ = {
			isa = XCBuildConfiguration;
			buildSettings = {
				APPLICATION_EXTENSION_API_ONLY = YES;
				CLANG_ENABLE_MODULES = YES;
				CODE_SIGN_IDENTITY = "iPhone Developer";
				"CODE_SIGN_IDENTITY[sdk=iphoneos*]" = "iPhone Developer";
				DEFINES_MODULE = YES;
				DEVELOPMENT_TEAM = "";
				DYLIB_COMPATIBILITY_VERSION = 1;
				DYLIB_CURRENT_VERSION = 1;
				DYLIB_INSTALL_NAME_BASE = "@rpath";
				INFOPLIST_FILE = "$(SRCROOT)/Code/SupportingFiles/Info.plist";
				INSTALL_PATH = "$(LOCAL_LIBRARY_DIR)/Frameworks";
				IPHONEOS_DEPLOYMENT_TARGET = 8.1;
				LD_RUNPATH_SEARCH_PATHS = "$(inherited) @executable_path/Frameworks @loader_path/Frameworks";
				PRODUCT_BUNDLE_IDENTIFIER = com.petesmith.BikeProvider;
				PRODUCT_NAME = BikeProvider;
				SKIP_INSTALL = YES;
				SWIFT_OPTIMIZATION_LEVEL = "-Owholemodule";
				SWIFT_VERSION = 3.0;
				TARGETED_DEVICE_FAMILY = "1,2";
			};
			name = Release;
		};
		4657D6571CFF0B7C004670B4 /* Debug */ = {
			isa = XCBuildConfiguration;
			buildSettings = {
				ALWAYS_EMBED_SWIFT_STANDARD_LIBRARIES = YES;
				"CODE_SIGN_IDENTITY[sdk=iphoneos*]" = "iPhone Developer";
				DEVELOPMENT_TEAM = 49CJ89TL4W;
				INFOPLIST_FILE = Tests/iOSInfo.plist;
				LD_RUNPATH_SEARCH_PATHS = "$(inherited) @executable_path/Frameworks @loader_path/Frameworks";
				PRODUCT_BUNDLE_IDENTIFIER = com.petesmith.SPBBikeProviderTests;
				PRODUCT_NAME = BikeProviderTests;
				SWIFT_VERSION = 3.0;
			};
			name = Debug;
		};
		4657D6581CFF0B7C004670B4 /* Release */ = {
			isa = XCBuildConfiguration;
			buildSettings = {
				ALWAYS_EMBED_SWIFT_STANDARD_LIBRARIES = YES;
				"CODE_SIGN_IDENTITY[sdk=iphoneos*]" = "iPhone Developer";
				DEVELOPMENT_TEAM = 49CJ89TL4W;
				INFOPLIST_FILE = Tests/iOSInfo.plist;
				LD_RUNPATH_SEARCH_PATHS = "$(inherited) @executable_path/Frameworks @loader_path/Frameworks";
				PRODUCT_BUNDLE_IDENTIFIER = com.petesmith.SPBBikeProviderTests;
				PRODUCT_NAME = BikeProviderTests;
				SWIFT_OPTIMIZATION_LEVEL = "-Owholemodule";
				SWIFT_VERSION = 3.0;
			};
			name = Release;
		};
		465F271E1D65E08600B3B639 /* Debug */ = {
			isa = XCBuildConfiguration;
			buildSettings = {
				APPLICATION_EXTENSION_API_ONLY = YES;
				CLANG_WARN_DOCUMENTATION_COMMENTS = YES;
				CLANG_WARN_SUSPICIOUS_MOVES = YES;
				CODE_SIGN_IDENTITY = "-";
				COMBINE_HIDPI_IMAGES = YES;
				DEFINES_MODULE = YES;
				DEVELOPMENT_TEAM = 49CJ89TL4W;
				DYLIB_COMPATIBILITY_VERSION = 1;
				DYLIB_CURRENT_VERSION = 1;
				DYLIB_INSTALL_NAME_BASE = "@rpath";
				FRAMEWORK_VERSION = A;
				INFOPLIST_FILE = "$(SRCROOT)/Code/SupportingFiles/macOSInfo.plist";
				INSTALL_PATH = "$(LOCAL_LIBRARY_DIR)/Frameworks";
				LD_RUNPATH_SEARCH_PATHS = "$(inherited) @executable_path/../Frameworks @loader_path/Frameworks";
				MACOSX_DEPLOYMENT_TARGET = 10.11;
				PRODUCT_BUNDLE_IDENTIFIER = com.petesmith.SPBBikeProvidermacOS;
				PRODUCT_NAME = BikeProvider;
				SDKROOT = macosx;
				SKIP_INSTALL = YES;
				SWIFT_ACTIVE_COMPILATION_CONDITIONS = DEBUG;
				SWIFT_VERSION = 3.0;
			};
			name = Debug;
		};
		465F271F1D65E08600B3B639 /* Release */ = {
			isa = XCBuildConfiguration;
			buildSettings = {
				APPLICATION_EXTENSION_API_ONLY = YES;
				CLANG_WARN_DOCUMENTATION_COMMENTS = YES;
				CLANG_WARN_SUSPICIOUS_MOVES = YES;
				CODE_SIGN_IDENTITY = "-";
				COMBINE_HIDPI_IMAGES = YES;
				DEFINES_MODULE = YES;
				DEVELOPMENT_TEAM = 49CJ89TL4W;
				DYLIB_COMPATIBILITY_VERSION = 1;
				DYLIB_CURRENT_VERSION = 1;
				DYLIB_INSTALL_NAME_BASE = "@rpath";
				FRAMEWORK_VERSION = A;
				INFOPLIST_FILE = "$(SRCROOT)/Code/SupportingFiles/macOSInfo.plist";
				INSTALL_PATH = "$(LOCAL_LIBRARY_DIR)/Frameworks";
				LD_RUNPATH_SEARCH_PATHS = "$(inherited) @executable_path/../Frameworks @loader_path/Frameworks";
				MACOSX_DEPLOYMENT_TARGET = 10.11;
				PRODUCT_BUNDLE_IDENTIFIER = com.petesmith.SPBBikeProvidermacOS;
				PRODUCT_NAME = BikeProvider;
				SDKROOT = macosx;
				SKIP_INSTALL = YES;
				SWIFT_OPTIMIZATION_LEVEL = "-Owholemodule";
				SWIFT_VERSION = 3.0;
			};
			name = Release;
		};
		465F27201D65E08600B3B639 /* Debug */ = {
			isa = XCBuildConfiguration;
			buildSettings = {
				ALWAYS_EMBED_SWIFT_STANDARD_LIBRARIES = YES;
				CLANG_WARN_DOCUMENTATION_COMMENTS = YES;
				CLANG_WARN_SUSPICIOUS_MOVES = YES;
				CODE_SIGN_IDENTITY = "Mac Developer";
				COMBINE_HIDPI_IMAGES = YES;
				DEVELOPMENT_TEAM = 49CJ89TL4W;
				INFOPLIST_FILE = Tests/macOSInfo.plist;
				LD_RUNPATH_SEARCH_PATHS = "$(inherited) @executable_path/../Frameworks @loader_path/../Frameworks";
				MACOSX_DEPLOYMENT_TARGET = 10.11;
				PRODUCT_BUNDLE_IDENTIFIER = com.petesmith.SPBBikeProvidermacOSTests;
				PRODUCT_NAME = "$(TARGET_NAME)";
				SDKROOT = macosx;
				SWIFT_ACTIVE_COMPILATION_CONDITIONS = DEBUG;
				SWIFT_VERSION = 3.0;
			};
			name = Debug;
		};
		465F27211D65E08600B3B639 /* Release */ = {
			isa = XCBuildConfiguration;
			buildSettings = {
				ALWAYS_EMBED_SWIFT_STANDARD_LIBRARIES = YES;
				CLANG_WARN_DOCUMENTATION_COMMENTS = YES;
				CLANG_WARN_SUSPICIOUS_MOVES = YES;
				CODE_SIGN_IDENTITY = "Mac Developer";
				COMBINE_HIDPI_IMAGES = YES;
				DEVELOPMENT_TEAM = "";
				INFOPLIST_FILE = Tests/macOSInfo.plist;
				LD_RUNPATH_SEARCH_PATHS = "$(inherited) @executable_path/../Frameworks @loader_path/../Frameworks";
				MACOSX_DEPLOYMENT_TARGET = 10.11;
				PRODUCT_BUNDLE_IDENTIFIER = com.petesmith.SPBBikeProvidermacOSTests;
				PRODUCT_NAME = "$(TARGET_NAME)";
				SDKROOT = macosx;
				SWIFT_OPTIMIZATION_LEVEL = "-Owholemodule";
				SWIFT_VERSION = 3.0;
			};
			name = Release;
		};
		65E7A1681D7DD37D0087C336 /* Debug */ = {
			isa = XCBuildConfiguration;
			buildSettings = {
				ALWAYS_EMBED_SWIFT_STANDARD_LIBRARIES = YES;
				ASSETCATALOG_COMPILER_APPICON_NAME = AppIcon;
				CLANG_WARN_DOCUMENTATION_COMMENTS = YES;
				CLANG_WARN_SUSPICIOUS_MOVES = YES;
				CODE_SIGN_IDENTITY = "iPhone Developer";
				DEVELOPMENT_TEAM = 49CJ89TL4W;
				INFOPLIST_FILE = "$(SRCROOT)/Sample/Info.plist";
				IPHONEOS_DEPLOYMENT_TARGET = 10.0;
				LD_RUNPATH_SEARCH_PATHS = "$(inherited) @executable_path/Frameworks";
				PRODUCT_BUNDLE_IDENTIFIER = com.petesmith.SPBBikeProviderSample;
				PRODUCT_NAME = "$(TARGET_NAME)";
				SWIFT_ACTIVE_COMPILATION_CONDITIONS = DEBUG;
				SWIFT_VERSION = 3.0;
			};
			name = Debug;
		};
		65E7A1691D7DD37D0087C336 /* Release */ = {
			isa = XCBuildConfiguration;
			buildSettings = {
				ALWAYS_EMBED_SWIFT_STANDARD_LIBRARIES = YES;
				ASSETCATALOG_COMPILER_APPICON_NAME = AppIcon;
				CLANG_WARN_DOCUMENTATION_COMMENTS = YES;
				CLANG_WARN_SUSPICIOUS_MOVES = YES;
				CODE_SIGN_IDENTITY = "iPhone Developer";
				DEVELOPMENT_TEAM = 49CJ89TL4W;
				INFOPLIST_FILE = "$(SRCROOT)/Sample/Info.plist";
				IPHONEOS_DEPLOYMENT_TARGET = 10.0;
				LD_RUNPATH_SEARCH_PATHS = "$(inherited) @executable_path/Frameworks";
				PRODUCT_BUNDLE_IDENTIFIER = com.petesmith.SPBBikeProviderSample;
				PRODUCT_NAME = "$(TARGET_NAME)";
				SWIFT_OPTIMIZATION_LEVEL = "-Owholemodule";
				SWIFT_VERSION = 3.0;
			};
			name = Release;
		};
/* End XCBuildConfiguration section */

/* Begin XCConfigurationList section */
		4657D6391CFF0B7B004670B4 /* Build configuration list for PBXProject "BikeProvider" */ = {
			isa = XCConfigurationList;
			buildConfigurations = (
				4657D6511CFF0B7C004670B4 /* Debug */,
				4657D6521CFF0B7C004670B4 /* Release */,
			);
			defaultConfigurationIsVisible = 0;
			defaultConfigurationName = Debug;
		};
		4657D6531CFF0B7C004670B4 /* Build configuration list for PBXNativeTarget "BikeProvider" */ = {
			isa = XCConfigurationList;
			buildConfigurations = (
				4657D6541CFF0B7C004670B4 /* Debug */,
				4657D6551CFF0B7C004670B4 /* Release */,
			);
			defaultConfigurationIsVisible = 0;
			defaultConfigurationName = Debug;
		};
		4657D6561CFF0B7C004670B4 /* Build configuration list for PBXNativeTarget "BikeProviderTests" */ = {
			isa = XCConfigurationList;
			buildConfigurations = (
				4657D6571CFF0B7C004670B4 /* Debug */,
				4657D6581CFF0B7C004670B4 /* Release */,
			);
			defaultConfigurationIsVisible = 0;
			defaultConfigurationName = Debug;
		};
		465F27221D65E08600B3B639 /* Build configuration list for PBXNativeTarget "BikeProvidermacOS" */ = {
			isa = XCConfigurationList;
			buildConfigurations = (
				465F271E1D65E08600B3B639 /* Debug */,
				465F271F1D65E08600B3B639 /* Release */,
			);
			defaultConfigurationIsVisible = 0;
			defaultConfigurationName = Debug;
		};
		465F27231D65E08600B3B639 /* Build configuration list for PBXNativeTarget "BikeProvidermacOSTests" */ = {
			isa = XCConfigurationList;
			buildConfigurations = (
				465F27201D65E08600B3B639 /* Debug */,
				465F27211D65E08600B3B639 /* Release */,
			);
			defaultConfigurationIsVisible = 0;
			defaultConfigurationName = Debug;
		};
		65E7A1671D7DD37D0087C336 /* Build configuration list for PBXNativeTarget "BikeProviderSample" */ = {
			isa = XCConfigurationList;
			buildConfigurations = (
				65E7A1681D7DD37D0087C336 /* Debug */,
				65E7A1691D7DD37D0087C336 /* Release */,
			);
			defaultConfigurationIsVisible = 0;
			defaultConfigurationName = Debug;
		};
/* End XCConfigurationList section */
	};
	rootObject = 4657D6361CFF0B7B004670B4 /* Project object */;
}
