// !$*UTF8*$!
{
	archiveVersion = 1;
	classes = {
	};
	objectVersion = 46;
	objects = {

/* Begin PBXBuildFile section */
		460C84D81D01BD7A002A2F3B /* StationProviderTests.swift in Sources */ = {isa = PBXBuildFile; fileRef = 460C84D71D01BD7A002A2F3B /* StationProviderTests.swift */; };
		4657D64A1CFF0B7C004670B4 /* SPBBikeProvider.framework in Frameworks */ = {isa = PBXBuildFile; fileRef = 4657D63F1CFF0B7B004670B4 /* SPBBikeProvider.framework */; };
		4657D65E1CFF0DD7004670B4 /* CityProvider.swift in Sources */ = {isa = PBXBuildFile; fileRef = 4657D65C1CFF0DD7004670B4 /* CityProvider.swift */; };
		4657D65F1CFF0DD7004670B4 /* StationProvider.swift in Sources */ = {isa = PBXBuildFile; fileRef = 4657D65D1CFF0DD7004670B4 /* StationProvider.swift */; };
		4657D6621CFF0E0E004670B4 /* City.swift in Sources */ = {isa = PBXBuildFile; fileRef = 4657D6601CFF0E0E004670B4 /* City.swift */; };
		4657D6631CFF0E0E004670B4 /* Station.swift in Sources */ = {isa = PBXBuildFile; fileRef = 4657D6611CFF0E0E004670B4 /* Station.swift */; };
		4657D6651CFF0E1B004670B4 /* APIClient.swift in Sources */ = {isa = PBXBuildFile; fileRef = 4657D6641CFF0E1B004670B4 /* APIClient.swift */; };
		656683061D03EE1D005225EC /* LocationProvider.swift in Sources */ = {isa = PBXBuildFile; fileRef = 656683051D03EE1D005225EC /* LocationProvider.swift */; };
		656683081D03F0B1005225EC /* DirectionsProvider.swift in Sources */ = {isa = PBXBuildFile; fileRef = 656683071D03F0B1005225EC /* DirectionsProvider.swift */; };
		6566830A1D03F4E1005225EC /* Constants.swift in Sources */ = {isa = PBXBuildFile; fileRef = 656683091D03F4E1005225EC /* Constants.swift */; };
		65A0F46D1CFF78E200D24882 /* CityProviderTests.swift in Sources */ = {isa = PBXBuildFile; fileRef = 65A0F46C1CFF78E200D24882 /* CityProviderTests.swift */; };
/* End PBXBuildFile section */

/* Begin PBXContainerItemProxy section */
		4657D64B1CFF0B7C004670B4 /* PBXContainerItemProxy */ = {
			isa = PBXContainerItemProxy;
			containerPortal = 4657D6361CFF0B7B004670B4 /* Project object */;
			proxyType = 1;
			remoteGlobalIDString = 4657D63E1CFF0B7B004670B4;
			remoteInfo = BikeyProvider;
		};
/* End PBXContainerItemProxy section */

/* Begin PBXFileReference section */
		460C84D71D01BD7A002A2F3B /* StationProviderTests.swift */ = {isa = PBXFileReference; fileEncoding = 4; lastKnownFileType = sourcecode.swift; path = StationProviderTests.swift; sourceTree = "<group>"; };
		4657D63F1CFF0B7B004670B4 /* SPBBikeProvider.framework */ = {isa = PBXFileReference; explicitFileType = wrapper.framework; includeInIndex = 0; path = SPBBikeProvider.framework; sourceTree = BUILT_PRODUCTS_DIR; };
		4657D6441CFF0B7B004670B4 /* Info.plist */ = {isa = PBXFileReference; lastKnownFileType = text.plist.xml; path = Info.plist; sourceTree = "<group>"; };
		4657D6491CFF0B7C004670B4 /* SPBBikeProvider.xctest */ = {isa = PBXFileReference; explicitFileType = wrapper.cfbundle; includeInIndex = 0; path = SPBBikeProvider.xctest; sourceTree = BUILT_PRODUCTS_DIR; };
		4657D6501CFF0B7C004670B4 /* Info.plist */ = {isa = PBXFileReference; lastKnownFileType = text.plist.xml; path = Info.plist; sourceTree = "<group>"; };
		4657D65C1CFF0DD7004670B4 /* CityProvider.swift */ = {isa = PBXFileReference; fileEncoding = 4; lastKnownFileType = sourcecode.swift; name = CityProvider.swift; path = Providers/CityProvider.swift; sourceTree = "<group>"; };
		4657D65D1CFF0DD7004670B4 /* StationProvider.swift */ = {isa = PBXFileReference; fileEncoding = 4; lastKnownFileType = sourcecode.swift; name = StationProvider.swift; path = Providers/StationProvider.swift; sourceTree = "<group>"; };
		4657D6601CFF0E0E004670B4 /* City.swift */ = {isa = PBXFileReference; fileEncoding = 4; lastKnownFileType = sourcecode.swift; name = City.swift; path = Model/City.swift; sourceTree = "<group>"; };
		4657D6611CFF0E0E004670B4 /* Station.swift */ = {isa = PBXFileReference; fileEncoding = 4; lastKnownFileType = sourcecode.swift; name = Station.swift; path = Model/Station.swift; sourceTree = "<group>"; };
		4657D6641CFF0E1B004670B4 /* APIClient.swift */ = {isa = PBXFileReference; fileEncoding = 4; lastKnownFileType = sourcecode.swift; name = APIClient.swift; path = APIClient/APIClient.swift; sourceTree = "<group>"; };
		656683051D03EE1D005225EC /* LocationProvider.swift */ = {isa = PBXFileReference; fileEncoding = 4; lastKnownFileType = sourcecode.swift; name = LocationProvider.swift; path = Providers/LocationProvider.swift; sourceTree = "<group>"; };
		656683071D03F0B1005225EC /* DirectionsProvider.swift */ = {isa = PBXFileReference; fileEncoding = 4; lastKnownFileType = sourcecode.swift; name = DirectionsProvider.swift; path = Providers/DirectionsProvider.swift; sourceTree = "<group>"; };
		656683091D03F4E1005225EC /* Constants.swift */ = {isa = PBXFileReference; fileEncoding = 4; lastKnownFileType = sourcecode.swift; name = Constants.swift; path = SupportingFiles/Constants.swift; sourceTree = "<group>"; };
		65A0F46C1CFF78E200D24882 /* CityProviderTests.swift */ = {isa = PBXFileReference; fileEncoding = 4; lastKnownFileType = sourcecode.swift; path = CityProviderTests.swift; sourceTree = "<group>"; };
/* End PBXFileReference section */

/* Begin PBXFrameworksBuildPhase section */
		4657D63B1CFF0B7B004670B4 /* Frameworks */ = {
			isa = PBXFrameworksBuildPhase;
			buildActionMask = 2147483647;
			files = (
			);
			runOnlyForDeploymentPostprocessing = 0;
		};
		4657D6461CFF0B7C004670B4 /* Frameworks */ = {
			isa = PBXFrameworksBuildPhase;
			buildActionMask = 2147483647;
			files = (
				4657D64A1CFF0B7C004670B4 /* SPBBikeProvider.framework in Frameworks */,
			);
			runOnlyForDeploymentPostprocessing = 0;
		};
/* End PBXFrameworksBuildPhase section */

/* Begin PBXGroup section */
		4657D6351CFF0B7B004670B4 = {
			isa = PBXGroup;
			children = (
				4657D6411CFF0B7B004670B4 /* SPBBikeProvider */,
				4657D64D1CFF0B7C004670B4 /* SPBBikeProviderTests */,
				4657D6401CFF0B7B004670B4 /* Products */,
			);
			sourceTree = "<group>";
		};
		4657D6401CFF0B7B004670B4 /* Products */ = {
			isa = PBXGroup;
			children = (
				4657D63F1CFF0B7B004670B4 /* SPBBikeProvider.framework */,
				4657D6491CFF0B7C004670B4 /* SPBBikeProvider.xctest */,
			);
			name = Products;
			sourceTree = "<group>";
		};
		4657D6411CFF0B7B004670B4 /* SPBBikeProvider */ = {
			isa = PBXGroup;
			children = (
				4657D65B1CFF0D97004670B4 /* Provider */,
				4657D65A1CFF0D93004670B4 /* Model */,
				4657D6591CFF0D8A004670B4 /* APIClient */,
				6566830B1D03F5AD005225EC /* SupportingFiles */,
			);
			path = SPBBikeProvider;
			sourceTree = "<group>";
		};
		4657D64D1CFF0B7C004670B4 /* SPBBikeProviderTests */ = {
			isa = PBXGroup;
			children = (
				4657D6501CFF0B7C004670B4 /* Info.plist */,
				65A0F46C1CFF78E200D24882 /* CityProviderTests.swift */,
				460C84D71D01BD7A002A2F3B /* StationProviderTests.swift */,
			);
			path = SPBBikeProviderTests;
			sourceTree = "<group>";
		};
		4657D6591CFF0D8A004670B4 /* APIClient */ = {
			isa = PBXGroup;
			children = (
				4657D6641CFF0E1B004670B4 /* APIClient.swift */,
			);
			name = APIClient;
			sourceTree = "<group>";
		};
		4657D65A1CFF0D93004670B4 /* Model */ = {
			isa = PBXGroup;
			children = (
				4657D6601CFF0E0E004670B4 /* City.swift */,
				4657D6611CFF0E0E004670B4 /* Station.swift */,
			);
			name = Model;
			sourceTree = "<group>";
		};
		4657D65B1CFF0D97004670B4 /* Provider */ = {
			isa = PBXGroup;
			children = (
				4657D65C1CFF0DD7004670B4 /* CityProvider.swift */,
				4657D65D1CFF0DD7004670B4 /* StationProvider.swift */,
				656683051D03EE1D005225EC /* LocationProvider.swift */,
				656683071D03F0B1005225EC /* DirectionsProvider.swift */,
			);
			name = Provider;
			sourceTree = "<group>";
		};
		6566830B1D03F5AD005225EC /* SupportingFiles */ = {
			isa = PBXGroup;
			children = (
				656683091D03F4E1005225EC /* Constants.swift */,
				4657D6441CFF0B7B004670B4 /* Info.plist */,
			);
			name = SupportingFiles;
			sourceTree = "<group>";
		};
/* End PBXGroup section */

/* Begin PBXHeadersBuildPhase section */
		4657D63C1CFF0B7B004670B4 /* Headers */ = {
			isa = PBXHeadersBuildPhase;
			buildActionMask = 2147483647;
			files = (
			);
			runOnlyForDeploymentPostprocessing = 0;
		};
/* End PBXHeadersBuildPhase section */

/* Begin PBXNativeTarget section */
		4657D63E1CFF0B7B004670B4 /* SPBBikeProvider */ = {
			isa = PBXNativeTarget;
			buildConfigurationList = 4657D6531CFF0B7C004670B4 /* Build configuration list for PBXNativeTarget "SPBBikeProvider" */;
			buildPhases = (
				4657D63A1CFF0B7B004670B4 /* Sources */,
				4657D63B1CFF0B7B004670B4 /* Frameworks */,
				4657D63C1CFF0B7B004670B4 /* Headers */,
				4657D63D1CFF0B7B004670B4 /* Resources */,
			);
			buildRules = (
			);
			dependencies = (
			);
			name = SPBBikeProvider;
			productName = BikeyProvider;
			productReference = 4657D63F1CFF0B7B004670B4 /* SPBBikeProvider.framework */;
			productType = "com.apple.product-type.framework";
		};
		4657D6481CFF0B7C004670B4 /* SPBBikeProviderTests */ = {
			isa = PBXNativeTarget;
			buildConfigurationList = 4657D6561CFF0B7C004670B4 /* Build configuration list for PBXNativeTarget "SPBBikeProviderTests" */;
			buildPhases = (
				4657D6451CFF0B7C004670B4 /* Sources */,
				4657D6461CFF0B7C004670B4 /* Frameworks */,
				4657D6471CFF0B7C004670B4 /* Resources */,
			);
			buildRules = (
			);
			dependencies = (
				4657D64C1CFF0B7C004670B4 /* PBXTargetDependency */,
			);
			name = SPBBikeProviderTests;
			productName = BikeyProviderTests;
			productReference = 4657D6491CFF0B7C004670B4 /* SPBBikeProvider.xctest */;
			productType = "com.apple.product-type.bundle.unit-test";
		};
/* End PBXNativeTarget section */

/* Begin PBXProject section */
		4657D6361CFF0B7B004670B4 /* Project object */ = {
			isa = PBXProject;
			attributes = {
				LastSwiftUpdateCheck = 0730;
				LastUpgradeCheck = 0730;
				ORGANIZATIONNAME = "Pete Smith";
				TargetAttributes = {
					4657D63E1CFF0B7B004670B4 = {
						CreatedOnToolsVersion = 7.3.1;
						DevelopmentTeam = 49CJ89TL4W;
						LastSwiftMigration = 0800;
					};
					4657D6481CFF0B7C004670B4 = {
						CreatedOnToolsVersion = 7.3.1;
						LastSwiftMigration = 0800;
					};
				};
			};
			buildConfigurationList = 4657D6391CFF0B7B004670B4 /* Build configuration list for PBXProject "SPBBikeProvider" */;
			compatibilityVersion = "Xcode 3.2";
			developmentRegion = English;
			hasScannedForEncodings = 0;
			knownRegions = (
				en,
			);
			mainGroup = 4657D6351CFF0B7B004670B4;
			productRefGroup = 4657D6401CFF0B7B004670B4 /* Products */;
			projectDirPath = "";
			projectRoot = "";
			targets = (
				4657D63E1CFF0B7B004670B4 /* SPBBikeProvider */,
				4657D6481CFF0B7C004670B4 /* SPBBikeProviderTests */,
			);
		};
/* End PBXProject section */

/* Begin PBXResourcesBuildPhase section */
		4657D63D1CFF0B7B004670B4 /* Resources */ = {
			isa = PBXResourcesBuildPhase;
			buildActionMask = 2147483647;
			files = (
			);
			runOnlyForDeploymentPostprocessing = 0;
		};
		4657D6471CFF0B7C004670B4 /* Resources */ = {
			isa = PBXResourcesBuildPhase;
			buildActionMask = 2147483647;
			files = (
			);
			runOnlyForDeploymentPostprocessing = 0;
		};
/* End PBXResourcesBuildPhase section */

/* Begin PBXSourcesBuildPhase section */
		4657D63A1CFF0B7B004670B4 /* Sources */ = {
			isa = PBXSourcesBuildPhase;
			buildActionMask = 2147483647;
			files = (
				4657D65E1CFF0DD7004670B4 /* CityProvider.swift in Sources */,
				4657D65F1CFF0DD7004670B4 /* StationProvider.swift in Sources */,
				4657D6631CFF0E0E004670B4 /* Station.swift in Sources */,
				656683061D03EE1D005225EC /* LocationProvider.swift in Sources */,
				4657D6651CFF0E1B004670B4 /* APIClient.swift in Sources */,
				656683081D03F0B1005225EC /* DirectionsProvider.swift in Sources */,
				4657D6621CFF0E0E004670B4 /* City.swift in Sources */,
				6566830A1D03F4E1005225EC /* Constants.swift in Sources */,
			);
			runOnlyForDeploymentPostprocessing = 0;
		};
		4657D6451CFF0B7C004670B4 /* Sources */ = {
			isa = PBXSourcesBuildPhase;
			buildActionMask = 2147483647;
			files = (
				65A0F46D1CFF78E200D24882 /* CityProviderTests.swift in Sources */,
				460C84D81D01BD7A002A2F3B /* StationProviderTests.swift in Sources */,
			);
			runOnlyForDeploymentPostprocessing = 0;
		};
/* End PBXSourcesBuildPhase section */

/* Begin PBXTargetDependency section */
		4657D64C1CFF0B7C004670B4 /* PBXTargetDependency */ = {
			isa = PBXTargetDependency;
			target = 4657D63E1CFF0B7B004670B4 /* SPBBikeProvider */;
			targetProxy = 4657D64B1CFF0B7C004670B4 /* PBXContainerItemProxy */;
		};
/* End PBXTargetDependency section */

/* Begin XCBuildConfiguration section */
		4657D6511CFF0B7C004670B4 /* Debug */ = {
			isa = XCBuildConfiguration;
			buildSettings = {
				ALWAYS_SEARCH_USER_PATHS = NO;
				CLANG_ANALYZER_NONNULL = YES;
				CLANG_CXX_LANGUAGE_STANDARD = "gnu++0x";
				CLANG_CXX_LIBRARY = "libc++";
				CLANG_ENABLE_MODULES = YES;
				CLANG_ENABLE_OBJC_ARC = YES;
				CLANG_WARN_BOOL_CONVERSION = YES;
				CLANG_WARN_CONSTANT_CONVERSION = YES;
				CLANG_WARN_DIRECT_OBJC_ISA_USAGE = YES_ERROR;
				CLANG_WARN_EMPTY_BODY = YES;
				CLANG_WARN_ENUM_CONVERSION = YES;
				CLANG_WARN_INT_CONVERSION = YES;
				CLANG_WARN_OBJC_ROOT_CLASS = YES_ERROR;
				CLANG_WARN_UNREACHABLE_CODE = YES;
				CLANG_WARN__DUPLICATE_METHOD_MATCH = YES;
				"CODE_SIGN_IDENTITY[sdk=iphoneos*]" = "iPhone Developer";
				COPY_PHASE_STRIP = NO;
				CURRENT_PROJECT_VERSION = 1;
				DEBUG_INFORMATION_FORMAT = dwarf;
				ENABLE_STRICT_OBJC_MSGSEND = YES;
				ENABLE_TESTABILITY = YES;
				GCC_C_LANGUAGE_STANDARD = gnu99;
				GCC_DYNAMIC_NO_PIC = NO;
				GCC_NO_COMMON_BLOCKS = YES;
				GCC_OPTIMIZATION_LEVEL = 0;
				GCC_PREPROCESSOR_DEFINITIONS = (
					"DEBUG=1",
					"$(inherited)",
				);
				GCC_WARN_64_TO_32_BIT_CONVERSION = YES;
				GCC_WARN_ABOUT_RETURN_TYPE = YES_ERROR;
				GCC_WARN_UNDECLARED_SELECTOR = YES;
				GCC_WARN_UNINITIALIZED_AUTOS = YES_AGGRESSIVE;
				GCC_WARN_UNUSED_FUNCTION = YES;
				GCC_WARN_UNUSED_VARIABLE = YES;
				IPHONEOS_DEPLOYMENT_TARGET = 8.1;
				MTL_ENABLE_DEBUG_INFO = YES;
				ONLY_ACTIVE_ARCH = YES;
				SDKROOT = iphoneos;
				SWIFT_OPTIMIZATION_LEVEL = "-Onone";
				TARGETED_DEVICE_FAMILY = "1,2";
				VERSIONING_SYSTEM = "apple-generic";
				VERSION_INFO_PREFIX = "";
			};
			name = Debug;
		};
		4657D6521CFF0B7C004670B4 /* Release */ = {
			isa = XCBuildConfiguration;
			buildSettings = {
				ALWAYS_SEARCH_USER_PATHS = NO;
				CLANG_ANALYZER_NONNULL = YES;
				CLANG_CXX_LANGUAGE_STANDARD = "gnu++0x";
				CLANG_CXX_LIBRARY = "libc++";
				CLANG_ENABLE_MODULES = YES;
				CLANG_ENABLE_OBJC_ARC = YES;
				CLANG_WARN_BOOL_CONVERSION = YES;
				CLANG_WARN_CONSTANT_CONVERSION = YES;
				CLANG_WARN_DIRECT_OBJC_ISA_USAGE = YES_ERROR;
				CLANG_WARN_EMPTY_BODY = YES;
				CLANG_WARN_ENUM_CONVERSION = YES;
				CLANG_WARN_INT_CONVERSION = YES;
				CLANG_WARN_OBJC_ROOT_CLASS = YES_ERROR;
				CLANG_WARN_UNREACHABLE_CODE = YES;
				CLANG_WARN__DUPLICATE_METHOD_MATCH = YES;
				"CODE_SIGN_IDENTITY[sdk=iphoneos*]" = "iPhone Developer";
				COPY_PHASE_STRIP = NO;
				CURRENT_PROJECT_VERSION = 1;
				DEBUG_INFORMATION_FORMAT = "dwarf-with-dsym";
				ENABLE_NS_ASSERTIONS = NO;
				ENABLE_STRICT_OBJC_MSGSEND = YES;
				GCC_C_LANGUAGE_STANDARD = gnu99;
				GCC_NO_COMMON_BLOCKS = YES;
				GCC_WARN_64_TO_32_BIT_CONVERSION = YES;
				GCC_WARN_ABOUT_RETURN_TYPE = YES_ERROR;
				GCC_WARN_UNDECLARED_SELECTOR = YES;
				GCC_WARN_UNINITIALIZED_AUTOS = YES_AGGRESSIVE;
				GCC_WARN_UNUSED_FUNCTION = YES;
				GCC_WARN_UNUSED_VARIABLE = YES;
				IPHONEOS_DEPLOYMENT_TARGET = 8.1;
				MTL_ENABLE_DEBUG_INFO = NO;
				SDKROOT = iphoneos;
				TARGETED_DEVICE_FAMILY = "1,2";
				VALIDATE_PRODUCT = YES;
				VERSIONING_SYSTEM = "apple-generic";
				VERSION_INFO_PREFIX = "";
			};
			name = Release;
		};
		4657D6541CFF0B7C004670B4 /* Debug */ = {
			isa = XCBuildConfiguration;
			buildSettings = {
				APPLICATION_EXTENSION_API_ONLY = YES;
				CLANG_ENABLE_MODULES = YES;
				CODE_SIGN_IDENTITY = "iPhone Developer";
				DEFINES_MODULE = YES;
				DYLIB_COMPATIBILITY_VERSION = 1;
				DYLIB_CURRENT_VERSION = 1;
				DYLIB_INSTALL_NAME_BASE = "@rpath";
				INFOPLIST_FILE = "$(SRCROOT)/SPBBikeProvider/Info.plist";
				INSTALL_PATH = "$(LOCAL_LIBRARY_DIR)/Frameworks";
				IPHONEOS_DEPLOYMENT_TARGET = 8.1;
				LD_RUNPATH_SEARCH_PATHS = "$(inherited) @executable_path/Frameworks @loader_path/Frameworks";
				PRODUCT_BUNDLE_IDENTIFIER = com.petesmith.SPBBikeProvider;
				PRODUCT_NAME = SPBBikeProvider;
				SKIP_INSTALL = YES;
				SWIFT_OPTIMIZATION_LEVEL = "-Onone";
				TARGETED_DEVICE_FAMILY = "1,2";
			};
			name = Debug;
		};
		4657D6551CFF0B7C004670B4 /* Release */ = {
			isa = XCBuildConfiguration;
			buildSettings = {
				APPLICATION_EXTENSION_API_ONLY = YES;
				CLANG_ENABLE_MODULES = YES;
				CODE_SIGN_IDENTITY = "iPhone Developer";
				DEFINES_MODULE = YES;
				DYLIB_COMPATIBILITY_VERSION = 1;
				DYLIB_CURRENT_VERSION = 1;
				DYLIB_INSTALL_NAME_BASE = "@rpath";
				INFOPLIST_FILE = "$(SRCROOT)/SPBBikeProvider/Info.plist";
				INSTALL_PATH = "$(LOCAL_LIBRARY_DIR)/Frameworks";
				IPHONEOS_DEPLOYMENT_TARGET = 8.1;
				LD_RUNPATH_SEARCH_PATHS = "$(inherited) @executable_path/Frameworks @loader_path/Frameworks";
				PRODUCT_BUNDLE_IDENTIFIER = com.petesmith.SPBBikeProvider;
				PRODUCT_NAME = SPBBikeProvider;
				SKIP_INSTALL = YES;
				TARGETED_DEVICE_FAMILY = "1,2";
			};
			name = Release;
		};
		4657D6571CFF0B7C004670B4 /* Debug */ = {
			isa = XCBuildConfiguration;
			buildSettings = {
				INFOPLIST_FILE = SPBBikeProviderTests/Info.plist;
				LD_RUNPATH_SEARCH_PATHS = "$(inherited) @executable_path/Frameworks @loader_path/Frameworks";
				PRODUCT_BUNDLE_IDENTIFIER = com.petesmith.SPBBikeProviderTests;
				PRODUCT_NAME = SPBBikeProvider;
			};
			name = Debug;
		};
		4657D6581CFF0B7C004670B4 /* Release */ = {
			isa = XCBuildConfiguration;
			buildSettings = {
				INFOPLIST_FILE = SPBBikeProviderTests/Info.plist;
				LD_RUNPATH_SEARCH_PATHS = "$(inherited) @executable_path/Frameworks @loader_path/Frameworks";
				PRODUCT_BUNDLE_IDENTIFIER = com.petesmith.SPBBikeProviderTests;
				PRODUCT_NAME = SPBBikeProvider;
			};
			name = Release;
		};
/* End XCBuildConfiguration section */

/* Begin XCConfigurationList section */
		4657D6391CFF0B7B004670B4 /* Build configuration list for PBXProject "SPBBikeProvider" */ = {
			isa = XCConfigurationList;
			buildConfigurations = (
				4657D6511CFF0B7C004670B4 /* Debug */,
				4657D6521CFF0B7C004670B4 /* Release */,
			);
			defaultConfigurationIsVisible = 0;
			defaultConfigurationName = Release;
		};
		4657D6531CFF0B7C004670B4 /* Build configuration list for PBXNativeTarget "SPBBikeProvider" */ = {
			isa = XCConfigurationList;
			buildConfigurations = (
				4657D6541CFF0B7C004670B4 /* Debug */,
				4657D6551CFF0B7C004670B4 /* Release */,
			);
			defaultConfigurationIsVisible = 0;
			defaultConfigurationName = Release;
		};
		4657D6561CFF0B7C004670B4 /* Build configuration list for PBXNativeTarget "SPBBikeProviderTests" */ = {
			isa = XCConfigurationList;
			buildConfigurations = (
				4657D6571CFF0B7C004670B4 /* Debug */,
				4657D6581CFF0B7C004670B4 /* Release */,
			);
			defaultConfigurationIsVisible = 0;
			defaultConfigurationName = Release;
		};
/* End XCConfigurationList section */
	};
	rootObject = 4657D6361CFF0B7B004670B4 /* Project object */;
}
